
Microsoft Visual Studio Solution File, Format Version 12.00
# Visual Studio Version 17
VisualStudioVersion = 17.9.34728.123
MinimumVisualStudioVersion = 10.0.40219.1
Project("{FAE04EC0-301F-11D3-BF4B-00C04F79EFBC}") = "Splitwise", "Splitwise\Splitwise.csproj", "{131447FF-BD52-4D50-8C17-9C8B6B5F856E}"
EndProject
Global
	GlobalSection(SolutionConfigurationPlatforms) = preSolution
		Debug|Any CPU = Debug|Any CPU
		Release|Any CPU = Release|Any CPU
	EndGlobalSection
	GlobalSection(ProjectConfigurationPlatforms) = postSolution
		{131447FF-BD52-4D50-8C17-9C8B6B5F856E}.Debug|Any CPU.ActiveCfg = Debug|Any CPU
		{131447FF-BD52-4D50-8C17-9C8B6B5F856E}.Debug|Any CPU.Build.0 = Debug|Any CPU
		{131447FF-BD52-4D50-8C17-9C8B6B5F856E}.Release|Any CPU.ActiveCfg = Release|Any CPU
		{131447FF-BD52-4D50-8C17-9C8B6B5F856E}.Release|Any CPU.Build.0 = Release|Any CPU
	EndGlobalSection
	GlobalSection(SolutionProperties) = preSolution
		HideSolutionNode = FALSE
	EndGlobalSection
	GlobalSection(ExtensibilityGlobals) = postSolution
		SolutionGuid = {95D942FB-6F8D-417A-9C9F-9B5ACF047F7F}
	EndGlobalSection
EndGlobal
